
Microsoft Visual Studio Solution File, Format Version 12.00
# Visual Studio Version 17
VisualStudioVersion = 17.8.34316.72
MinimumVisualStudioVersion = 10.0.40219.1
Project("{FAE04EC0-301F-11D3-BF4B-00C04F79EFBC}") = "MovieASP", "MovieASP\MovieASP.csproj", "{A7F9CD4C-4257-4BFE-9A6C-4F74BF1B8761}"
EndProject
Global
	GlobalSection(SolutionConfigurationPlatforms) = preSolution
		Debug|Any CPU = Debug|Any CPU
		Release|Any CPU = Release|Any CPU
	EndGlobalSection
	GlobalSection(ProjectConfigurationPlatforms) = postSolution
		{A7F9CD4C-4257-4BFE-9A6C-4F74BF1B8761}.Debug|Any CPU.ActiveCfg = Debug|Any CPU
		{A7F9CD4C-4257-4BFE-9A6C-4F74BF1B8761}.Debug|Any CPU.Build.0 = Debug|Any CPU
		{A7F9CD4C-4257-4BFE-9A6C-4F74BF1B8761}.Release|Any CPU.ActiveCfg = Release|Any CPU
		{A7F9CD4C-4257-4BFE-9A6C-4F74BF1B8761}.Release|Any CPU.Build.0 = Release|Any CPU
	EndGlobalSection
	GlobalSection(SolutionProperties) = preSolution
		HideSolutionNode = FALSE
	EndGlobalSection
	GlobalSection(ExtensibilityGlobals) = postSolution
		SolutionGuid = {0793F2B0-5507-471D-B7A5-9127632FAC47}
	EndGlobalSection
EndGlobal
